{
    "_meta": {
        "hash": {
            "sha256": "cfb6cf032d04d76734b60bf79c266a223bb00567d597e1a4ba1ba291494b86ac"
        },
        "pipfile-spec": 6,
        "requires": {
            "python_version": "3.9"
        },
        "sources": [
            {
                "name": "pypi",
                "url": "https://pypi.org/simple",
                "verify_ssl": true
            }
        ]
    },
    "default": {
        "pyobjc-core": {
            "hashes": [
                "sha256:43f251881fe36dcb9ca9f7946ab13ddb4aa2499bde3c8bf2dc8144b5fe884629",
                "sha256:781cfa7a3f72ce7213b4c341b5c552cd63b6664b3b444a23fcb1d5fdd417aa8b",
                "sha256:920914a1a4cd4f8a54babe93f0b4e4cd93b51d11ae38d8ef17f5edb603b7a949",
                "sha256:951e716ad30bea52190f5e82604ee2c7f3dc6c04722cf0a3311ad7e4e6af5134",
                "sha256:b6662805d288cd1bfd257565ddc07541d0162b3167af15e39f7a654b94f6667b",
                "sha256:ddd9b964df292fa0bbd0d0694befe4c524977780e3f11221ac7e8683d5e9590f"
            ],
            "markers": "python_version >= '3.6'",
            "version": "==8.1"
        },
        "pyobjc-framework-cocoa": {
            "hashes": [
                "sha256:0b0aee74f6c32103338e3735f308052f4cc534c25762130303638aaa6d62d851",
                "sha256:626f6d084a537b365c0786674036643695e7829ebaf7889aa9b327f3b897a800",
                "sha256:8075f6cf8cac804d9ed05355c68a8a0cd3ce31a310469279c6c7e49dad47b010",
                "sha256:9de42dc3e0911d6e30cf41bb4baf9aaf2723a27053f7edbd8ad7d758cf41b81d",
                "sha256:9e47a2709b8458422752efccaa89f4b52cc8e01345ec71c43c713a891f084bb6",
                "sha256:b588a3ed9adcdbfafcbfa77bbd72844afb8d987a70cce7a4f3a35a9474271a11"
            ],
            "markers": "python_version >= '3.6'",
            "version": "==8.1"
        },
        "pyobjc-framework-quartz": {
            "hashes": [
                "sha256:0464eca74eda6623db37c41edeb1d01327988f9b1cfbcb28a94c37e117c5cf93",
                "sha256:1598578fdf8841a86957710b2c6c1832e35778f5a7a4359c924cd6b2562aab8a",
                "sha256:4994d9d99e74384f24031084a7b7711082e9dd46253399c8fdec4746c4a2a11b",
                "sha256:656e692fe7ba3e411f86aabed790af80a4f967b676d1bc10de21432ba3626eb0",
                "sha256:e1e36960ff7cb6df68450fcee82d06cf3bd7add9a58b7cb006f8103d4b86e8e8",
                "sha256:e310dc0cee4796c5b249a07229bc04f796d586e182ee520a963fe6e93efcbfe8"
            ],
            "index": "pypi",
            "version": "==8.1"
        },
        "semantic-version": {
            "hashes": [
                "sha256:45e4b32ee9d6d70ba5f440ec8cc5221074c7f4b0e8918bdab748cc37912440a9",
                "sha256:d2cb2de0558762934679b9a104e82eca7af448c9f4974d1f3eeccff651df8a54"
            ],
            "markers": "python_version >= '2.7' and python_version not in '3.0, 3.1, 3.2, 3.3'",
            "version": "==2.8.5"
        },
        "setuptools": {
            "hashes": [
                "sha256:2404879cda71495fc4d5cbc445ed52fdaddf352b36e40be8dcc63147cb4edabe",
                "sha256:68eb94073fc486091447fcb0501efd6560a0e5a1839ba249e5ff3c4c93f05f90"
            ],
            "markers": "python_version >= '3.7'",
            "version": "==60.5.0"
        },
        "setuptools-rust": {
            "hashes": [
                "sha256:72288a34cbb2efc436227f61548a453e91b2b3de1ca5846ab5d6bbcb859595c7",
                "sha256:a0adb9b503c0ffc4e8fe80b7c617898cefa78049983aaaea7f747e153a3e65d1"
            ],
            "index": "pypi",
            "version": "==1.1.2"
        },
        "typing-extensions": {
            "hashes": [
                "sha256:4ca091dea149f945ec56afb48dae714f21e8692ef22a395223bcd328961b6a0e",
                "sha256:7f001e5ac290a0c0401508864c7ec868be4e701886d5b573a9528ed3973d9d3b"
            ],
            "markers": "python_version >= '3.6'",
            "version": "==4.0.1"
        }
    },
    "develop": {}
}
